// !$*UTF8*$!
{
	archiveVersion = 1;
	classes = {
	};
	objectVersion = 50;
	objects = {

/* Begin PBXBuildFile section */
		3F92040F23978CCB000019FF /* AppDelegate.swift in Sources */ = {isa = PBXBuildFile; fileRef = 3F92040E23978CCB000019FF /* AppDelegate.swift */; };
		3F92041123978CCB000019FF /* SceneDelegate.swift in Sources */ = {isa = PBXBuildFile; fileRef = 3F92041023978CCB000019FF /* SceneDelegate.swift */; };
		3F92041323978CCB000019FF /* ViewController.swift in Sources */ = {isa = PBXBuildFile; fileRef = 3F92041223978CCB000019FF /* ViewController.swift */; };
		3F92041623978CCB000019FF /* Main.storyboard in Resources */ = {isa = PBXBuildFile; fileRef = 3F92041423978CCB000019FF /* Main.storyboard */; };
		3F92041823978CCE000019FF /* Assets.xcassets in Resources */ = {isa = PBXBuildFile; fileRef = 3F92041723978CCE000019FF /* Assets.xcassets */; };
		3F92041B23978CCE000019FF /* LaunchScreen.storyboard in Resources */ = {isa = PBXBuildFile; fileRef = 3F92041923978CCE000019FF /* LaunchScreen.storyboard */; };
		3FB7FD4423A0336800707D08 /* iTunesArtwork@1x.png in Resources */ = {isa = PBXBuildFile; fileRef = 3FB7FD0923A0336800707D08 /* iTunesArtwork@1x.png */; };
		3FB7FD4523A0336800707D08 /* Icon-App-76x76@2x.png in Resources */ = {isa = PBXBuildFile; fileRef = 3FB7FD0B23A0336800707D08 /* Icon-App-76x76@2x.png */; };
		3FB7FD4623A0336800707D08 /* Icon-App-29x29@1x.png in Resources */ = {isa = PBXBuildFile; fileRef = 3FB7FD0C23A0336800707D08 /* Icon-App-29x29@1x.png */; };
		3FB7FD4723A0336800707D08 /* Icon-App-40x40@1x.png in Resources */ = {isa = PBXBuildFile; fileRef = 3FB7FD0D23A0336800707D08 /* Icon-App-40x40@1x.png */; };
		3FB7FD4823A0336800707D08 /* Icon-App-20x20@1x.png in Resources */ = {isa = PBXBuildFile; fileRef = 3FB7FD0E23A0336800707D08 /* Icon-App-20x20@1x.png */; };
		3FB7FD4923A0336800707D08 /* Icon-App-83.5x83.5@2x.png in Resources */ = {isa = PBXBuildFile; fileRef = 3FB7FD0F23A0336800707D08 /* Icon-App-83.5x83.5@2x.png */; };
		3FB7FD4A23A0336800707D08 /* Icon-App-20x20@3x.png in Resources */ = {isa = PBXBuildFile; fileRef = 3FB7FD1023A0336800707D08 /* Icon-App-20x20@3x.png */; };
		3FB7FD4B23A0336800707D08 /* ItunesArtwork@2x.png in Resources */ = {isa = PBXBuildFile; fileRef = 3FB7FD1123A0336800707D08 /* ItunesArtwork@2x.png */; };
		3FB7FD4C23A0336800707D08 /* Contents.json in Resources */ = {isa = PBXBuildFile; fileRef = 3FB7FD1223A0336800707D08 /* Contents.json */; };
		3FB7FD4D23A0336800707D08 /* Icon-App-20x20@2x.png in Resources */ = {isa = PBXBuildFile; fileRef = 3FB7FD1323A0336800707D08 /* Icon-App-20x20@2x.png */; };
		3FB7FD4E23A0336800707D08 /* Icon-App-29x29@3x.png in Resources */ = {isa = PBXBuildFile; fileRef = 3FB7FD1423A0336800707D08 /* Icon-App-29x29@3x.png */; };
		3FB7FD4F23A0336800707D08 /* Icon-App-40x40@2x.png in Resources */ = {isa = PBXBuildFile; fileRef = 3FB7FD1523A0336800707D08 /* Icon-App-40x40@2x.png */; };
		3FB7FD5023A0336800707D08 /* Icon-App-60x60@3x.png in Resources */ = {isa = PBXBuildFile; fileRef = 3FB7FD1623A0336800707D08 /* Icon-App-60x60@3x.png */; };
		3FB7FD5123A0336800707D08 /* Icon-App-60x60@2x.png in Resources */ = {isa = PBXBuildFile; fileRef = 3FB7FD1723A0336800707D08 /* Icon-App-60x60@2x.png */; };
		3FB7FD5223A0336800707D08 /* Icon-App-76x76@1x.png in Resources */ = {isa = PBXBuildFile; fileRef = 3FB7FD1823A0336800707D08 /* Icon-App-76x76@1x.png */; };
		3FB7FD5323A0336800707D08 /* Icon-App-40x40@3x.png in Resources */ = {isa = PBXBuildFile; fileRef = 3FB7FD1923A0336800707D08 /* Icon-App-40x40@3x.png */; };
		3FB7FD5423A0336800707D08 /* Icon-App-29x29@2x.png in Resources */ = {isa = PBXBuildFile; fileRef = 3FB7FD1A23A0336800707D08 /* Icon-App-29x29@2x.png */; };
		3FB7FD5523A0336800707D08 /* README.md in Resources */ = {isa = PBXBuildFile; fileRef = 3FB7FD1B23A0336800707D08 /* README.md */; };
		3FB7FD5623A0336800707D08 /* iTunesArtwork@2x.png in Resources */ = {isa = PBXBuildFile; fileRef = 3FB7FD1C23A0336800707D08 /* iTunesArtwork@2x.png */; };
		3FB7FD5723A0336800707D08 /* iTunesArtwork@3x.png in Resources */ = {isa = PBXBuildFile; fileRef = 3FB7FD1D23A0336800707D08 /* iTunesArtwork@3x.png */; };
		3FB7FD5823A0336800707D08 /* ic_launcher.png in Resources */ = {isa = PBXBuildFile; fileRef = 3FB7FD2023A0336800707D08 /* ic_launcher.png */; };
		3FB7FD5923A0336800707D08 /* playstore-icon.png in Resources */ = {isa = PBXBuildFile; fileRef = 3FB7FD2123A0336800707D08 /* playstore-icon.png */; };
		3FB7FD5A23A0336800707D08 /* ic_launcher.png in Resources */ = {isa = PBXBuildFile; fileRef = 3FB7FD2323A0336800707D08 /* ic_launcher.png */; };
		3FB7FD5B23A0336800707D08 /* ic_launcher.png in Resources */ = {isa = PBXBuildFile; fileRef = 3FB7FD2523A0336800707D08 /* ic_launcher.png */; };
		3FB7FD5C23A0336800707D08 /* ic_launcher.png in Resources */ = {isa = PBXBuildFile; fileRef = 3FB7FD2723A0336800707D08 /* ic_launcher.png */; };
		3FB7FD5D23A0336800707D08 /* ic_launcher.png in Resources */ = {isa = PBXBuildFile; fileRef = 3FB7FD2923A0336800707D08 /* ic_launcher.png */; };
		3FB7FD5E23A0336800707D08 /* ic_launcher.png in Resources */ = {isa = PBXBuildFile; fileRef = 3FB7FD2B23A0336800707D08 /* ic_launcher.png */; };
		3FB7FD5F23A0336800707D08 /* icon-messages-app-iPhone-60x45@1x.png in Resources */ = {isa = PBXBuildFile; fileRef = 3FB7FD2D23A0336800707D08 /* icon-messages-app-iPhone-60x45@1x.png */; };
		3FB7FD6023A0336800707D08 /* icon-messages-app-iPadAir-67x50@2x.png in Resources */ = {isa = PBXBuildFile; fileRef = 3FB7FD2E23A0336800707D08 /* icon-messages-app-iPadAir-67x50@2x.png */; };
		3FB7FD6123A0336800707D08 /* icon-messages-app-store-1024x768.png in Resources */ = {isa = PBXBuildFile; fileRef = 3FB7FD2F23A0336800707D08 /* icon-messages-app-store-1024x768.png */; };
		3FB7FD6223A0336800707D08 /* icon-messages-transcript-32x24@3x.png in Resources */ = {isa = PBXBuildFile; fileRef = 3FB7FD3023A0336800707D08 /* icon-messages-transcript-32x24@3x.png */; };
		3FB7FD6323A0336800707D08 /* icon-messages-app-27x20@1x.png in Resources */ = {isa = PBXBuildFile; fileRef = 3FB7FD3123A0336800707D08 /* icon-messages-app-27x20@1x.png */; };
		3FB7FD6423A0336800707D08 /* icon-messages-transcript-32x24@2x.png in Resources */ = {isa = PBXBuildFile; fileRef = 3FB7FD3223A0336800707D08 /* icon-messages-transcript-32x24@2x.png */; };
		3FB7FD6523A0336800707D08 /* icon-messages-app-27x20@2x.png in Resources */ = {isa = PBXBuildFile; fileRef = 3FB7FD3323A0336800707D08 /* icon-messages-app-27x20@2x.png */; };
		3FB7FD6623A0336800707D08 /* icon-messages-transcript-32x24@1x.png in Resources */ = {isa = PBXBuildFile; fileRef = 3FB7FD3423A0336800707D08 /* icon-messages-transcript-32x24@1x.png */; };
		3FB7FD6723A0336800707D08 /* icon-messages-app-27x20@3x.png in Resources */ = {isa = PBXBuildFile; fileRef = 3FB7FD3523A0336800707D08 /* icon-messages-app-27x20@3x.png */; };
		3FB7FD6823A0336800707D08 /* icon-messages-app-iPadAir-74x55@2x.png in Resources */ = {isa = PBXBuildFile; fileRef = 3FB7FD3623A0336800707D08 /* icon-messages-app-iPadAir-74x55@2x.png */; };
		3FB7FD6923A0336800707D08 /* icon-messages-app-iPhone-60x45@3x.png in Resources */ = {isa = PBXBuildFile; fileRef = 3FB7FD3723A0336800707D08 /* icon-messages-app-iPhone-60x45@3x.png */; };
		3FB7FD6A23A0336800707D08 /* icon-messages-app-iPhone-60x45@2x.png in Resources */ = {isa = PBXBuildFile; fileRef = 3FB7FD3823A0336800707D08 /* icon-messages-app-iPhone-60x45@2x.png */; };
		3FB7FD6B23A0336800707D08 /* Icon-40@2x.png in Resources */ = {isa = PBXBuildFile; fileRef = 3FB7FD3B23A0336800707D08 /* Icon-40@2x.png */; };
		3FB7FD6C23A0336800707D08 /* Icon-29@2x.png in Resources */ = {isa = PBXBuildFile; fileRef = 3FB7FD3C23A0336800707D08 /* Icon-29@2x.png */; };
		3FB7FD6D23A0336800707D08 /* Icon-44@2x.png in Resources */ = {isa = PBXBuildFile; fileRef = 3FB7FD3D23A0336800707D08 /* Icon-44@2x.png */; };
		3FB7FD6E23A0336800707D08 /* Icon-29@3x.png in Resources */ = {isa = PBXBuildFile; fileRef = 3FB7FD3E23A0336800707D08 /* Icon-29@3x.png */; };
		3FB7FD6F23A0336800707D08 /* Icon-27.5@2x.png in Resources */ = {isa = PBXBuildFile; fileRef = 3FB7FD3F23A0336800707D08 /* Icon-27.5@2x.png */; };
		3FB7FD7023A0336800707D08 /* Icon-86@2x.png in Resources */ = {isa = PBXBuildFile; fileRef = 3FB7FD4023A0336800707D08 /* Icon-86@2x.png */; };
		3FB7FD7123A0336800707D08 /* Contents.json in Resources */ = {isa = PBXBuildFile; fileRef = 3FB7FD4123A0336800707D08 /* Contents.json */; };
		3FB7FD7223A0336800707D08 /* Icon-98@2x.png in Resources */ = {isa = PBXBuildFile; fileRef = 3FB7FD4223A0336800707D08 /* Icon-98@2x.png */; };
		3FB7FD7323A0336800707D08 /* Icon-24@2x.png in Resources */ = {isa = PBXBuildFile; fileRef = 3FB7FD4323A0336800707D08 /* Icon-24@2x.png */; };
		3FB7FDB123A0374A00707D08 /* iTunesArtwork@1x.png in Resources */ = {isa = PBXBuildFile; fileRef = 3FB7FD7623A0374A00707D08 /* iTunesArtwork@1x.png */; };
		3FB7FDB223A0374A00707D08 /* Icon-App-76x76@2x.png in Resources */ = {isa = PBXBuildFile; fileRef = 3FB7FD7823A0374A00707D08 /* Icon-App-76x76@2x.png */; };
		3FB7FDB323A0374A00707D08 /* Icon-App-29x29@1x.png in Resources */ = {isa = PBXBuildFile; fileRef = 3FB7FD7923A0374A00707D08 /* Icon-App-29x29@1x.png */; };
		3FB7FDB423A0374A00707D08 /* Icon-App-40x40@1x.png in Resources */ = {isa = PBXBuildFile; fileRef = 3FB7FD7A23A0374A00707D08 /* Icon-App-40x40@1x.png */; };
		3FB7FDB523A0374A00707D08 /* Icon-App-20x20@1x.png in Resources */ = {isa = PBXBuildFile; fileRef = 3FB7FD7B23A0374A00707D08 /* Icon-App-20x20@1x.png */; };
		3FB7FDB623A0374A00707D08 /* Icon-App-83.5x83.5@2x.png in Resources */ = {isa = PBXBuildFile; fileRef = 3FB7FD7C23A0374A00707D08 /* Icon-App-83.5x83.5@2x.png */; };
		3FB7FDB723A0374A00707D08 /* Icon-App-20x20@3x.png in Resources */ = {isa = PBXBuildFile; fileRef = 3FB7FD7D23A0374A00707D08 /* Icon-App-20x20@3x.png */; };
		3FB7FDB823A0374A00707D08 /* ItunesArtwork@2x.png in Resources */ = {isa = PBXBuildFile; fileRef = 3FB7FD7E23A0374A00707D08 /* ItunesArtwork@2x.png */; };
		3FB7FDB923A0374A00707D08 /* Contents.json in Resources */ = {isa = PBXBuildFile; fileRef = 3FB7FD7F23A0374A00707D08 /* Contents.json */; };
		3FB7FDBA23A0374A00707D08 /* Icon-App-20x20@2x.png in Resources */ = {isa = PBXBuildFile; fileRef = 3FB7FD8023A0374A00707D08 /* Icon-App-20x20@2x.png */; };
		3FB7FDBB23A0374A00707D08 /* Icon-App-29x29@3x.png in Resources */ = {isa = PBXBuildFile; fileRef = 3FB7FD8123A0374A00707D08 /* Icon-App-29x29@3x.png */; };
		3FB7FDBC23A0374A00707D08 /* Icon-App-40x40@2x.png in Resources */ = {isa = PBXBuildFile; fileRef = 3FB7FD8223A0374A00707D08 /* Icon-App-40x40@2x.png */; };
		3FB7FDBD23A0374A00707D08 /* Icon-App-60x60@3x.png in Resources */ = {isa = PBXBuildFile; fileRef = 3FB7FD8323A0374A00707D08 /* Icon-App-60x60@3x.png */; };
		3FB7FDBE23A0374A00707D08 /* Icon-App-60x60@2x.png in Resources */ = {isa = PBXBuildFile; fileRef = 3FB7FD8423A0374A00707D08 /* Icon-App-60x60@2x.png */; };
		3FB7FDBF23A0374A00707D08 /* Icon-App-76x76@1x.png in Resources */ = {isa = PBXBuildFile; fileRef = 3FB7FD8523A0374A00707D08 /* Icon-App-76x76@1x.png */; };
		3FB7FDC023A0374A00707D08 /* Icon-App-40x40@3x.png in Resources */ = {isa = PBXBuildFile; fileRef = 3FB7FD8623A0374A00707D08 /* Icon-App-40x40@3x.png */; };
		3FB7FDC123A0374A00707D08 /* Icon-App-29x29@2x.png in Resources */ = {isa = PBXBuildFile; fileRef = 3FB7FD8723A0374A00707D08 /* Icon-App-29x29@2x.png */; };
		3FB7FDC223A0374A00707D08 /* README.md in Resources */ = {isa = PBXBuildFile; fileRef = 3FB7FD8823A0374A00707D08 /* README.md */; };
		3FB7FDC323A0374A00707D08 /* iTunesArtwork@2x.png in Resources */ = {isa = PBXBuildFile; fileRef = 3FB7FD8923A0374A00707D08 /* iTunesArtwork@2x.png */; };
		3FB7FDC423A0374A00707D08 /* iTunesArtwork@3x.png in Resources */ = {isa = PBXBuildFile; fileRef = 3FB7FD8A23A0374A00707D08 /* iTunesArtwork@3x.png */; };
		3FB7FDC523A0374A00707D08 /* ic_launcher.png in Resources */ = {isa = PBXBuildFile; fileRef = 3FB7FD8D23A0374A00707D08 /* ic_launcher.png */; };
		3FB7FDC623A0374A00707D08 /* playstore-icon.png in Resources */ = {isa = PBXBuildFile; fileRef = 3FB7FD8E23A0374A00707D08 /* playstore-icon.png */; };
		3FB7FDC723A0374A00707D08 /* ic_launcher.png in Resources */ = {isa = PBXBuildFile; fileRef = 3FB7FD9023A0374A00707D08 /* ic_launcher.png */; };
		3FB7FDC823A0374A00707D08 /* ic_launcher.png in Resources */ = {isa = PBXBuildFile; fileRef = 3FB7FD9223A0374A00707D08 /* ic_launcher.png */; };
		3FB7FDC923A0374A00707D08 /* ic_launcher.png in Resources */ = {isa = PBXBuildFile; fileRef = 3FB7FD9423A0374A00707D08 /* ic_launcher.png */; };
		3FB7FDCA23A0374A00707D08 /* ic_launcher.png in Resources */ = {isa = PBXBuildFile; fileRef = 3FB7FD9623A0374A00707D08 /* ic_launcher.png */; };
		3FB7FDCB23A0374A00707D08 /* ic_launcher.png in Resources */ = {isa = PBXBuildFile; fileRef = 3FB7FD9823A0374A00707D08 /* ic_launcher.png */; };
		3FB7FDCC23A0374A00707D08 /* icon-messages-app-iPhone-60x45@1x.png in Resources */ = {isa = PBXBuildFile; fileRef = 3FB7FD9A23A0374A00707D08 /* icon-messages-app-iPhone-60x45@1x.png */; };
		3FB7FDCD23A0374A00707D08 /* icon-messages-app-iPadAir-67x50@2x.png in Resources */ = {isa = PBXBuildFile; fileRef = 3FB7FD9B23A0374A00707D08 /* icon-messages-app-iPadAir-67x50@2x.png */; };
		3FB7FDCE23A0374A00707D08 /* icon-messages-app-store-1024x768.png in Resources */ = {isa = PBXBuildFile; fileRef = 3FB7FD9C23A0374A00707D08 /* icon-messages-app-store-1024x768.png */; };
		3FB7FDCF23A0374A00707D08 /* icon-messages-transcript-32x24@3x.png in Resources */ = {isa = PBXBuildFile; fileRef = 3FB7FD9D23A0374A00707D08 /* icon-messages-transcript-32x24@3x.png */; };
		3FB7FDD023A0374A00707D08 /* icon-messages-app-27x20@1x.png in Resources */ = {isa = PBXBuildFile; fileRef = 3FB7FD9E23A0374A00707D08 /* icon-messages-app-27x20@1x.png */; };
		3FB7FDD123A0374A00707D08 /* icon-messages-transcript-32x24@2x.png in Resources */ = {isa = PBXBuildFile; fileRef = 3FB7FD9F23A0374A00707D08 /* icon-messages-transcript-32x24@2x.png */; };
		3FB7FDD223A0374A00707D08 /* icon-messages-app-27x20@2x.png in Resources */ = {isa = PBXBuildFile; fileRef = 3FB7FDA023A0374A00707D08 /* icon-messages-app-27x20@2x.png */; };
		3FB7FDD323A0374A00707D08 /* icon-messages-transcript-32x24@1x.png in Resources */ = {isa = PBXBuildFile; fileRef = 3FB7FDA123A0374A00707D08 /* icon-messages-transcript-32x24@1x.png */; };
		3FB7FDD423A0374A00707D08 /* icon-messages-app-27x20@3x.png in Resources */ = {isa = PBXBuildFile; fileRef = 3FB7FDA223A0374A00707D08 /* icon-messages-app-27x20@3x.png */; };
		3FB7FDD523A0374A00707D08 /* icon-messages-app-iPadAir-74x55@2x.png in Resources */ = {isa = PBXBuildFile; fileRef = 3FB7FDA323A0374A00707D08 /* icon-messages-app-iPadAir-74x55@2x.png */; };
		3FB7FDD623A0374A00707D08 /* icon-messages-app-iPhone-60x45@3x.png in Resources */ = {isa = PBXBuildFile; fileRef = 3FB7FDA423A0374A00707D08 /* icon-messages-app-iPhone-60x45@3x.png */; };
		3FB7FDD723A0374A00707D08 /* icon-messages-app-iPhone-60x45@2x.png in Resources */ = {isa = PBXBuildFile; fileRef = 3FB7FDA523A0374A00707D08 /* icon-messages-app-iPhone-60x45@2x.png */; };
		3FB7FDD823A0374A00707D08 /* Icon-40@2x.png in Resources */ = {isa = PBXBuildFile; fileRef = 3FB7FDA823A0374A00707D08 /* Icon-40@2x.png */; };
		3FB7FDD923A0374A00707D08 /* Icon-29@2x.png in Resources */ = {isa = PBXBuildFile; fileRef = 3FB7FDA923A0374A00707D08 /* Icon-29@2x.png */; };
		3FB7FDDA23A0374A00707D08 /* Icon-44@2x.png in Resources */ = {isa = PBXBuildFile; fileRef = 3FB7FDAA23A0374A00707D08 /* Icon-44@2x.png */; };
		3FB7FDDB23A0374A00707D08 /* Icon-29@3x.png in Resources */ = {isa = PBXBuildFile; fileRef = 3FB7FDAB23A0374A00707D08 /* Icon-29@3x.png */; };
		3FB7FDDC23A0374A00707D08 /* Icon-27.5@2x.png in Resources */ = {isa = PBXBuildFile; fileRef = 3FB7FDAC23A0374A00707D08 /* Icon-27.5@2x.png */; };
		3FB7FDDD23A0374A00707D08 /* Icon-86@2x.png in Resources */ = {isa = PBXBuildFile; fileRef = 3FB7FDAD23A0374A00707D08 /* Icon-86@2x.png */; };
		3FB7FDDE23A0374A00707D08 /* Contents.json in Resources */ = {isa = PBXBuildFile; fileRef = 3FB7FDAE23A0374A00707D08 /* Contents.json */; };
		3FB7FDDF23A0374A00707D08 /* Icon-98@2x.png in Resources */ = {isa = PBXBuildFile; fileRef = 3FB7FDAF23A0374A00707D08 /* Icon-98@2x.png */; };
		3FB7FDE023A0374A00707D08 /* Icon-24@2x.png in Resources */ = {isa = PBXBuildFile; fileRef = 3FB7FDB023A0374A00707D08 /* Icon-24@2x.png */; };
/* End PBXBuildFile section */

/* Begin PBXFileReference section */
		3F92040B23978CCB000019FF /* Brain Game.app */ = {isa = PBXFileReference; explicitFileType = wrapper.application; includeInIndex = 0; path = "Brain Game.app"; sourceTree = BUILT_PRODUCTS_DIR; };
		3F92040E23978CCB000019FF /* AppDelegate.swift */ = {isa = PBXFileReference; lastKnownFileType = sourcecode.swift; path = AppDelegate.swift; sourceTree = "<group>"; };
		3F92041023978CCB000019FF /* SceneDelegate.swift */ = {isa = PBXFileReference; lastKnownFileType = sourcecode.swift; path = SceneDelegate.swift; sourceTree = "<group>"; };
		3F92041223978CCB000019FF /* ViewController.swift */ = {isa = PBXFileReference; lastKnownFileType = sourcecode.swift; path = ViewController.swift; sourceTree = "<group>"; };
		3F92041523978CCB000019FF /* Base */ = {isa = PBXFileReference; lastKnownFileType = file.storyboard; name = Base; path = Base.lproj/Main.storyboard; sourceTree = "<group>"; };
		3F92041723978CCE000019FF /* Assets.xcassets */ = {isa = PBXFileReference; lastKnownFileType = folder.assetcatalog; path = Assets.xcassets; sourceTree = "<group>"; };
		3F92041A23978CCE000019FF /* Base */ = {isa = PBXFileReference; lastKnownFileType = file.storyboard; name = Base; path = Base.lproj/LaunchScreen.storyboard; sourceTree = "<group>"; };
		3F92041C23978CCE000019FF /* Info.plist */ = {isa = PBXFileReference; lastKnownFileType = text.plist.xml; path = Info.plist; sourceTree = "<group>"; };
		3FB7FD0923A0336800707D08 /* iTunesArtwork@1x.png */ = {isa = PBXFileReference; lastKnownFileType = image.png; path = "iTunesArtwork@1x.png"; sourceTree = "<group>"; };
		3FB7FD0B23A0336800707D08 /* Icon-App-76x76@2x.png */ = {isa = PBXFileReference; lastKnownFileType = image.png; path = "Icon-App-76x76@2x.png"; sourceTree = "<group>"; };
		3FB7FD0C23A0336800707D08 /* Icon-App-29x29@1x.png */ = {isa = PBXFileReference; lastKnownFileType = image.png; path = "Icon-App-29x29@1x.png"; sourceTree = "<group>"; };
		3FB7FD0D23A0336800707D08 /* Icon-App-40x40@1x.png */ = {isa = PBXFileReference; lastKnownFileType = image.png; path = "Icon-App-40x40@1x.png"; sourceTree = "<group>"; };
		3FB7FD0E23A0336800707D08 /* Icon-App-20x20@1x.png */ = {isa = PBXFileReference; lastKnownFileType = image.png; path = "Icon-App-20x20@1x.png"; sourceTree = "<group>"; };
		3FB7FD0F23A0336800707D08 /* Icon-App-83.5x83.5@2x.png */ = {isa = PBXFileReference; lastKnownFileType = image.png; path = "Icon-App-83.5x83.5@2x.png"; sourceTree = "<group>"; };
		3FB7FD1023A0336800707D08 /* Icon-App-20x20@3x.png */ = {isa = PBXFileReference; lastKnownFileType = image.png; path = "Icon-App-20x20@3x.png"; sourceTree = "<group>"; };
		3FB7FD1123A0336800707D08 /* ItunesArtwork@2x.png */ = {isa = PBXFileReference; lastKnownFileType = image.png; path = "ItunesArtwork@2x.png"; sourceTree = "<group>"; };
		3FB7FD1223A0336800707D08 /* Contents.json */ = {isa = PBXFileReference; fileEncoding = 4; lastKnownFileType = text.json; path = Contents.json; sourceTree = "<group>"; };
		3FB7FD1323A0336800707D08 /* Icon-App-20x20@2x.png */ = {isa = PBXFileReference; lastKnownFileType = image.png; path = "Icon-App-20x20@2x.png"; sourceTree = "<group>"; };
		3FB7FD1423A0336800707D08 /* Icon-App-29x29@3x.png */ = {isa = PBXFileReference; lastKnownFileType = image.png; path = "Icon-App-29x29@3x.png"; sourceTree = "<group>"; };
		3FB7FD1523A0336800707D08 /* Icon-App-40x40@2x.png */ = {isa = PBXFileReference; lastKnownFileType = image.png; path = "Icon-App-40x40@2x.png"; sourceTree = "<group>"; };
		3FB7FD1623A0336800707D08 /* Icon-App-60x60@3x.png */ = {isa = PBXFileReference; lastKnownFileType = image.png; path = "Icon-App-60x60@3x.png"; sourceTree = "<group>"; };
		3FB7FD1723A0336800707D08 /* Icon-App-60x60@2x.png */ = {isa = PBXFileReference; lastKnownFileType = image.png; path = "Icon-App-60x60@2x.png"; sourceTree = "<group>"; };
		3FB7FD1823A0336800707D08 /* Icon-App-76x76@1x.png */ = {isa = PBXFileReference; lastKnownFileType = image.png; path = "Icon-App-76x76@1x.png"; sourceTree = "<group>"; };
		3FB7FD1923A0336800707D08 /* Icon-App-40x40@3x.png */ = {isa = PBXFileReference; lastKnownFileType = image.png; path = "Icon-App-40x40@3x.png"; sourceTree = "<group>"; };
		3FB7FD1A23A0336800707D08 /* Icon-App-29x29@2x.png */ = {isa = PBXFileReference; lastKnownFileType = image.png; path = "Icon-App-29x29@2x.png"; sourceTree = "<group>"; };
		3FB7FD1B23A0336800707D08 /* README.md */ = {isa = PBXFileReference; fileEncoding = 4; lastKnownFileType = net.daringfireball.markdown; path = README.md; sourceTree = "<group>"; };
		3FB7FD1C23A0336800707D08 /* iTunesArtwork@2x.png */ = {isa = PBXFileReference; lastKnownFileType = image.png; path = "iTunesArtwork@2x.png"; sourceTree = "<group>"; };
		3FB7FD1D23A0336800707D08 /* iTunesArtwork@3x.png */ = {isa = PBXFileReference; lastKnownFileType = image.png; path = "iTunesArtwork@3x.png"; sourceTree = "<group>"; };
		3FB7FD2023A0336800707D08 /* ic_launcher.png */ = {isa = PBXFileReference; lastKnownFileType = image.png; path = ic_launcher.png; sourceTree = "<group>"; };
		3FB7FD2123A0336800707D08 /* playstore-icon.png */ = {isa = PBXFileReference; lastKnownFileType = image.png; path = "playstore-icon.png"; sourceTree = "<group>"; };
		3FB7FD2323A0336800707D08 /* ic_launcher.png */ = {isa = PBXFileReference; lastKnownFileType = image.png; path = ic_launcher.png; sourceTree = "<group>"; };
		3FB7FD2523A0336800707D08 /* ic_launcher.png */ = {isa = PBXFileReference; lastKnownFileType = image.png; path = ic_launcher.png; sourceTree = "<group>"; };
		3FB7FD2723A0336800707D08 /* ic_launcher.png */ = {isa = PBXFileReference; lastKnownFileType = image.png; path = ic_launcher.png; sourceTree = "<group>"; };
		3FB7FD2923A0336800707D08 /* ic_launcher.png */ = {isa = PBXFileReference; lastKnownFileType = image.png; path = ic_launcher.png; sourceTree = "<group>"; };
		3FB7FD2B23A0336800707D08 /* ic_launcher.png */ = {isa = PBXFileReference; lastKnownFileType = image.png; path = ic_launcher.png; sourceTree = "<group>"; };
		3FB7FD2D23A0336800707D08 /* icon-messages-app-iPhone-60x45@1x.png */ = {isa = PBXFileReference; lastKnownFileType = image.png; path = "icon-messages-app-iPhone-60x45@1x.png"; sourceTree = "<group>"; };
		3FB7FD2E23A0336800707D08 /* icon-messages-app-iPadAir-67x50@2x.png */ = {isa = PBXFileReference; lastKnownFileType = image.png; path = "icon-messages-app-iPadAir-67x50@2x.png"; sourceTree = "<group>"; };
		3FB7FD2F23A0336800707D08 /* icon-messages-app-store-1024x768.png */ = {isa = PBXFileReference; lastKnownFileType = image.png; path = "icon-messages-app-store-1024x768.png"; sourceTree = "<group>"; };
		3FB7FD3023A0336800707D08 /* icon-messages-transcript-32x24@3x.png */ = {isa = PBXFileReference; lastKnownFileType = image.png; path = "icon-messages-transcript-32x24@3x.png"; sourceTree = "<group>"; };
		3FB7FD3123A0336800707D08 /* icon-messages-app-27x20@1x.png */ = {isa = PBXFileReference; lastKnownFileType = image.png; path = "icon-messages-app-27x20@1x.png"; sourceTree = "<group>"; };
		3FB7FD3223A0336800707D08 /* icon-messages-transcript-32x24@2x.png */ = {isa = PBXFileReference; lastKnownFileType = image.png; path = "icon-messages-transcript-32x24@2x.png"; sourceTree = "<group>"; };
		3FB7FD3323A0336800707D08 /* icon-messages-app-27x20@2x.png */ = {isa = PBXFileReference; lastKnownFileType = image.png; path = "icon-messages-app-27x20@2x.png"; sourceTree = "<group>"; };
		3FB7FD3423A0336800707D08 /* icon-messages-transcript-32x24@1x.png */ = {isa = PBXFileReference; lastKnownFileType = image.png; path = "icon-messages-transcript-32x24@1x.png"; sourceTree = "<group>"; };
		3FB7FD3523A0336800707D08 /* icon-messages-app-27x20@3x.png */ = {isa = PBXFileReference; lastKnownFileType = image.png; path = "icon-messages-app-27x20@3x.png"; sourceTree = "<group>"; };
		3FB7FD3623A0336800707D08 /* icon-messages-app-iPadAir-74x55@2x.png */ = {isa = PBXFileReference; lastKnownFileType = image.png; path = "icon-messages-app-iPadAir-74x55@2x.png"; sourceTree = "<group>"; };
		3FB7FD3723A0336800707D08 /* icon-messages-app-iPhone-60x45@3x.png */ = {isa = PBXFileReference; lastKnownFileType = image.png; path = "icon-messages-app-iPhone-60x45@3x.png"; sourceTree = "<group>"; };
		3FB7FD3823A0336800707D08 /* icon-messages-app-iPhone-60x45@2x.png */ = {isa = PBXFileReference; lastKnownFileType = image.png; path = "icon-messages-app-iPhone-60x45@2x.png"; sourceTree = "<group>"; };
		3FB7FD3B23A0336800707D08 /* Icon-40@2x.png */ = {isa = PBXFileReference; lastKnownFileType = image.png; path = "Icon-40@2x.png"; sourceTree = "<group>"; };
		3FB7FD3C23A0336800707D08 /* Icon-29@2x.png */ = {isa = PBXFileReference; lastKnownFileType = image.png; path = "Icon-29@2x.png"; sourceTree = "<group>"; };
		3FB7FD3D23A0336800707D08 /* Icon-44@2x.png */ = {isa = PBXFileReference; lastKnownFileType = image.png; path = "Icon-44@2x.png"; sourceTree = "<group>"; };
		3FB7FD3E23A0336800707D08 /* Icon-29@3x.png */ = {isa = PBXFileReference; lastKnownFileType = image.png; path = "Icon-29@3x.png"; sourceTree = "<group>"; };
		3FB7FD3F23A0336800707D08 /* Icon-27.5@2x.png */ = {isa = PBXFileReference; lastKnownFileType = image.png; path = "Icon-27.5@2x.png"; sourceTree = "<group>"; };
		3FB7FD4023A0336800707D08 /* Icon-86@2x.png */ = {isa = PBXFileReference; lastKnownFileType = image.png; path = "Icon-86@2x.png"; sourceTree = "<group>"; };
		3FB7FD4123A0336800707D08 /* Contents.json */ = {isa = PBXFileReference; fileEncoding = 4; lastKnownFileType = text.json; path = Contents.json; sourceTree = "<group>"; };
		3FB7FD4223A0336800707D08 /* Icon-98@2x.png */ = {isa = PBXFileReference; lastKnownFileType = image.png; path = "Icon-98@2x.png"; sourceTree = "<group>"; };
		3FB7FD4323A0336800707D08 /* Icon-24@2x.png */ = {isa = PBXFileReference; lastKnownFileType = image.png; path = "Icon-24@2x.png"; sourceTree = "<group>"; };
		3FB7FD7623A0374A00707D08 /* iTunesArtwork@1x.png */ = {isa = PBXFileReference; lastKnownFileType = image.png; path = "iTunesArtwork@1x.png"; sourceTree = "<group>"; };
		3FB7FD7823A0374A00707D08 /* Icon-App-76x76@2x.png */ = {isa = PBXFileReference; lastKnownFileType = image.png; path = "Icon-App-76x76@2x.png"; sourceTree = "<group>"; };
		3FB7FD7923A0374A00707D08 /* Icon-App-29x29@1x.png */ = {isa = PBXFileReference; lastKnownFileType = image.png; path = "Icon-App-29x29@1x.png"; sourceTree = "<group>"; };
		3FB7FD7A23A0374A00707D08 /* Icon-App-40x40@1x.png */ = {isa = PBXFileReference; lastKnownFileType = image.png; path = "Icon-App-40x40@1x.png"; sourceTree = "<group>"; };
		3FB7FD7B23A0374A00707D08 /* Icon-App-20x20@1x.png */ = {isa = PBXFileReference; lastKnownFileType = image.png; path = "Icon-App-20x20@1x.png"; sourceTree = "<group>"; };
		3FB7FD7C23A0374A00707D08 /* Icon-App-83.5x83.5@2x.png */ = {isa = PBXFileReference; lastKnownFileType = image.png; path = "Icon-App-83.5x83.5@2x.png"; sourceTree = "<group>"; };
		3FB7FD7D23A0374A00707D08 /* Icon-App-20x20@3x.png */ = {isa = PBXFileReference; lastKnownFileType = image.png; path = "Icon-App-20x20@3x.png"; sourceTree = "<group>"; };
		3FB7FD7E23A0374A00707D08 /* ItunesArtwork@2x.png */ = {isa = PBXFileReference; lastKnownFileType = image.png; path = "ItunesArtwork@2x.png"; sourceTree = "<group>"; };
		3FB7FD7F23A0374A00707D08 /* Contents.json */ = {isa = PBXFileReference; fileEncoding = 4; lastKnownFileType = text.json; path = Contents.json; sourceTree = "<group>"; };
		3FB7FD8023A0374A00707D08 /* Icon-App-20x20@2x.png */ = {isa = PBXFileReference; lastKnownFileType = image.png; path = "Icon-App-20x20@2x.png"; sourceTree = "<group>"; };
		3FB7FD8123A0374A00707D08 /* Icon-App-29x29@3x.png */ = {isa = PBXFileReference; lastKnownFileType = image.png; path = "Icon-App-29x29@3x.png"; sourceTree = "<group>"; };
		3FB7FD8223A0374A00707D08 /* Icon-App-40x40@2x.png */ = {isa = PBXFileReference; lastKnownFileType = image.png; path = "Icon-App-40x40@2x.png"; sourceTree = "<group>"; };
		3FB7FD8323A0374A00707D08 /* Icon-App-60x60@3x.png */ = {isa = PBXFileReference; lastKnownFileType = image.png; path = "Icon-App-60x60@3x.png"; sourceTree = "<group>"; };
		3FB7FD8423A0374A00707D08 /* Icon-App-60x60@2x.png */ = {isa = PBXFileReference; lastKnownFileType = image.png; path = "Icon-App-60x60@2x.png"; sourceTree = "<group>"; };
		3FB7FD8523A0374A00707D08 /* Icon-App-76x76@1x.png */ = {isa = PBXFileReference; lastKnownFileType = image.png; path = "Icon-App-76x76@1x.png"; sourceTree = "<group>"; };
		3FB7FD8623A0374A00707D08 /* Icon-App-40x40@3x.png */ = {isa = PBXFileReference; lastKnownFileType = image.png; path = "Icon-App-40x40@3x.png"; sourceTree = "<group>"; };
		3FB7FD8723A0374A00707D08 /* Icon-App-29x29@2x.png */ = {isa = PBXFileReference; lastKnownFileType = image.png; path = "Icon-App-29x29@2x.png"; sourceTree = "<group>"; };
		3FB7FD8823A0374A00707D08 /* README.md */ = {isa = PBXFileReference; fileEncoding = 4; lastKnownFileType = net.daringfireball.markdown; path = README.md; sourceTree = "<group>"; };
		3FB7FD8923A0374A00707D08 /* iTunesArtwork@2x.png */ = {isa = PBXFileReference; lastKnownFileType = image.png; path = "iTunesArtwork@2x.png"; sourceTree = "<group>"; };
		3FB7FD8A23A0374A00707D08 /* iTunesArtwork@3x.png */ = {isa = PBXFileReference; lastKnownFileType = image.png; path = "iTunesArtwork@3x.png"; sourceTree = "<group>"; };
		3FB7FD8D23A0374A00707D08 /* ic_launcher.png */ = {isa = PBXFileReference; lastKnownFileType = image.png; path = ic_launcher.png; sourceTree = "<group>"; };
		3FB7FD8E23A0374A00707D08 /* playstore-icon.png */ = {isa = PBXFileReference; lastKnownFileType = image.png; path = "playstore-icon.png"; sourceTree = "<group>"; };
		3FB7FD9023A0374A00707D08 /* ic_launcher.png */ = {isa = PBXFileReference; lastKnownFileType = image.png; path = ic_launcher.png; sourceTree = "<group>"; };
		3FB7FD9223A0374A00707D08 /* ic_launcher.png */ = {isa = PBXFileReference; lastKnownFileType = image.png; path = ic_launcher.png; sourceTree = "<group>"; };
		3FB7FD9423A0374A00707D08 /* ic_launcher.png */ = {isa = PBXFileReference; lastKnownFileType = image.png; path = ic_launcher.png; sourceTree = "<group>"; };
		3FB7FD9623A0374A00707D08 /* ic_launcher.png */ = {isa = PBXFileReference; lastKnownFileType = image.png; path = ic_launcher.png; sourceTree = "<group>"; };
		3FB7FD9823A0374A00707D08 /* ic_launcher.png */ = {isa = PBXFileReference; lastKnownFileType = image.png; path = ic_launcher.png; sourceTree = "<group>"; };
		3FB7FD9A23A0374A00707D08 /* icon-messages-app-iPhone-60x45@1x.png */ = {isa = PBXFileReference; lastKnownFileType = image.png; path = "icon-messages-app-iPhone-60x45@1x.png"; sourceTree = "<group>"; };
		3FB7FD9B23A0374A00707D08 /* icon-messages-app-iPadAir-67x50@2x.png */ = {isa = PBXFileReference; lastKnownFileType = image.png; path = "icon-messages-app-iPadAir-67x50@2x.png"; sourceTree = "<group>"; };
		3FB7FD9C23A0374A00707D08 /* icon-messages-app-store-1024x768.png */ = {isa = PBXFileReference; lastKnownFileType = image.png; path = "icon-messages-app-store-1024x768.png"; sourceTree = "<group>"; };
		3FB7FD9D23A0374A00707D08 /* icon-messages-transcript-32x24@3x.png */ = {isa = PBXFileReference; lastKnownFileType = image.png; path = "icon-messages-transcript-32x24@3x.png"; sourceTree = "<group>"; };
		3FB7FD9E23A0374A00707D08 /* icon-messages-app-27x20@1x.png */ = {isa = PBXFileReference; lastKnownFileType = image.png; path = "icon-messages-app-27x20@1x.png"; sourceTree = "<group>"; };
		3FB7FD9F23A0374A00707D08 /* icon-messages-transcript-32x24@2x.png */ = {isa = PBXFileReference; lastKnownFileType = image.png; path = "icon-messages-transcript-32x24@2x.png"; sourceTree = "<group>"; };
		3FB7FDA023A0374A00707D08 /* icon-messages-app-27x20@2x.png */ = {isa = PBXFileReference; lastKnownFileType = image.png; path = "icon-messages-app-27x20@2x.png"; sourceTree = "<group>"; };
		3FB7FDA123A0374A00707D08 /* icon-messages-transcript-32x24@1x.png */ = {isa = PBXFileReference; lastKnownFileType = image.png; path = "icon-messages-transcript-32x24@1x.png"; sourceTree = "<group>"; };
		3FB7FDA223A0374A00707D08 /* icon-messages-app-27x20@3x.png */ = {isa = PBXFileReference; lastKnownFileType = image.png; path = "icon-messages-app-27x20@3x.png"; sourceTree = "<group>"; };
		3FB7FDA323A0374A00707D08 /* icon-messages-app-iPadAir-74x55@2x.png */ = {isa = PBXFileReference; lastKnownFileType = image.png; path = "icon-messages-app-iPadAir-74x55@2x.png"; sourceTree = "<group>"; };
		3FB7FDA423A0374A00707D08 /* icon-messages-app-iPhone-60x45@3x.png */ = {isa = PBXFileReference; lastKnownFileType = image.png; path = "icon-messages-app-iPhone-60x45@3x.png"; sourceTree = "<group>"; };
		3FB7FDA523A0374A00707D08 /* icon-messages-app-iPhone-60x45@2x.png */ = {isa = PBXFileReference; lastKnownFileType = image.png; path = "icon-messages-app-iPhone-60x45@2x.png"; sourceTree = "<group>"; };
		3FB7FDA823A0374A00707D08 /* Icon-40@2x.png */ = {isa = PBXFileReference; lastKnownFileType = image.png; path = "Icon-40@2x.png"; sourceTree = "<group>"; };
		3FB7FDA923A0374A00707D08 /* Icon-29@2x.png */ = {isa = PBXFileReference; lastKnownFileType = image.png; path = "Icon-29@2x.png"; sourceTree = "<group>"; };
		3FB7FDAA23A0374A00707D08 /* Icon-44@2x.png */ = {isa = PBXFileReference; lastKnownFileType = image.png; path = "Icon-44@2x.png"; sourceTree = "<group>"; };
		3FB7FDAB23A0374A00707D08 /* Icon-29@3x.png */ = {isa = PBXFileReference; lastKnownFileType = image.png; path = "Icon-29@3x.png"; sourceTree = "<group>"; };
		3FB7FDAC23A0374A00707D08 /* Icon-27.5@2x.png */ = {isa = PBXFileReference; lastKnownFileType = image.png; path = "Icon-27.5@2x.png"; sourceTree = "<group>"; };
		3FB7FDAD23A0374A00707D08 /* Icon-86@2x.png */ = {isa = PBXFileReference; lastKnownFileType = image.png; path = "Icon-86@2x.png"; sourceTree = "<group>"; };
		3FB7FDAE23A0374A00707D08 /* Contents.json */ = {isa = PBXFileReference; fileEncoding = 4; lastKnownFileType = text.json; path = Contents.json; sourceTree = "<group>"; };
		3FB7FDAF23A0374A00707D08 /* Icon-98@2x.png */ = {isa = PBXFileReference; lastKnownFileType = image.png; path = "Icon-98@2x.png"; sourceTree = "<group>"; };
		3FB7FDB023A0374A00707D08 /* Icon-24@2x.png */ = {isa = PBXFileReference; lastKnownFileType = image.png; path = "Icon-24@2x.png"; sourceTree = "<group>"; };
/* End PBXFileReference section */

/* Begin PBXFrameworksBuildPhase section */
		3F92040823978CCB000019FF /* Frameworks */ = {
			isa = PBXFrameworksBuildPhase;
			buildActionMask = 2147483647;
			files = (
			);
			runOnlyForDeploymentPostprocessing = 0;
		};
/* End PBXFrameworksBuildPhase section */

/* Begin PBXGroup section */
		3F92040223978CCB000019FF = {
			isa = PBXGroup;
			children = (
				3F92040D23978CCB000019FF /* Brain-Game-Final-HC */,
				3F92040C23978CCB000019FF /* Products */,
			);
			sourceTree = "<group>";
		};
		3F92040C23978CCB000019FF /* Products */ = {
			isa = PBXGroup;
			children = (
				3F92040B23978CCB000019FF /* Brain Game.app */,
			);
			name = Products;
			sourceTree = "<group>";
		};
		3F92040D23978CCB000019FF /* Brain-Game-Final-HC */ = {
			isa = PBXGroup;
			children = (
				3FB7FD0423A02F6400707D08 /* myAssets */,
				3F92040E23978CCB000019FF /* AppDelegate.swift */,
				3F92041023978CCB000019FF /* SceneDelegate.swift */,
				3F92041223978CCB000019FF /* ViewController.swift */,
				3F92041423978CCB000019FF /* Main.storyboard */,
				3F92041723978CCE000019FF /* Assets.xcassets */,
				3F92041923978CCE000019FF /* LaunchScreen.storyboard */,
				3F92041C23978CCE000019FF /* Info.plist */,
				3FB7FD7423A0374A00707D08 /* brain */,
				3FB7FD0723A0336800707D08 /* art copy */,
			);
			path = "Brain-Game-Final-HC";
			sourceTree = "<group>";
		};
		3FB7FD0423A02F6400707D08 /* myAssets */ = {
			isa = PBXGroup;
			children = (
			);
			path = myAssets;
			sourceTree = "<group>";
		};
		3FB7FD0723A0336800707D08 /* art copy */ = {
			isa = PBXGroup;
			children = (
				3FB7FD0823A0336800707D08 /* ios */,
				3FB7FD1E23A0336800707D08 /* android */,
				3FB7FD2C23A0336800707D08 /* imessenger */,
				3FB7FD3923A0336800707D08 /* watchkit */,
			);
			path = "art copy";
			sourceTree = "<group>";
		};
		3FB7FD0823A0336800707D08 /* ios */ = {
			isa = PBXGroup;
			children = (
				3FB7FD0923A0336800707D08 /* iTunesArtwork@1x.png */,
				3FB7FD0A23A0336800707D08 /* AppIcon.appiconset */,
				3FB7FD1B23A0336800707D08 /* README.md */,
				3FB7FD1C23A0336800707D08 /* iTunesArtwork@2x.png */,
				3FB7FD1D23A0336800707D08 /* iTunesArtwork@3x.png */,
			);
			path = ios;
			sourceTree = "<group>";
		};
		3FB7FD0A23A0336800707D08 /* AppIcon.appiconset */ = {
			isa = PBXGroup;
			children = (
				3FB7FD0B23A0336800707D08 /* Icon-App-76x76@2x.png */,
				3FB7FD0C23A0336800707D08 /* Icon-App-29x29@1x.png */,
				3FB7FD0D23A0336800707D08 /* Icon-App-40x40@1x.png */,
				3FB7FD0E23A0336800707D08 /* Icon-App-20x20@1x.png */,
				3FB7FD0F23A0336800707D08 /* Icon-App-83.5x83.5@2x.png */,
				3FB7FD1023A0336800707D08 /* Icon-App-20x20@3x.png */,
				3FB7FD1123A0336800707D08 /* ItunesArtwork@2x.png */,
				3FB7FD1223A0336800707D08 /* Contents.json */,
				3FB7FD1323A0336800707D08 /* Icon-App-20x20@2x.png */,
				3FB7FD1423A0336800707D08 /* Icon-App-29x29@3x.png */,
				3FB7FD1523A0336800707D08 /* Icon-App-40x40@2x.png */,
				3FB7FD1623A0336800707D08 /* Icon-App-60x60@3x.png */,
				3FB7FD1723A0336800707D08 /* Icon-App-60x60@2x.png */,
				3FB7FD1823A0336800707D08 /* Icon-App-76x76@1x.png */,
				3FB7FD1923A0336800707D08 /* Icon-App-40x40@3x.png */,
				3FB7FD1A23A0336800707D08 /* Icon-App-29x29@2x.png */,
			);
			path = AppIcon.appiconset;
			sourceTree = "<group>";
		};
		3FB7FD1E23A0336800707D08 /* android */ = {
			isa = PBXGroup;
			children = (
				3FB7FD1F23A0336800707D08 /* mipmap-mdpi */,
				3FB7FD2123A0336800707D08 /* playstore-icon.png */,
				3FB7FD2223A0336800707D08 /* mipmap-hdpi */,
				3FB7FD2423A0336800707D08 /* mipmap-ldpi */,
				3FB7FD2623A0336800707D08 /* mipmap-xxxhdpi */,
				3FB7FD2823A0336800707D08 /* mipmap-xxhdpi */,
				3FB7FD2A23A0336800707D08 /* mipmap-xhdpi */,
			);
			path = android;
			sourceTree = "<group>";
		};
		3FB7FD1F23A0336800707D08 /* mipmap-mdpi */ = {
			isa = PBXGroup;
			children = (
				3FB7FD2023A0336800707D08 /* ic_launcher.png */,
			);
			path = "mipmap-mdpi";
			sourceTree = "<group>";
		};
		3FB7FD2223A0336800707D08 /* mipmap-hdpi */ = {
			isa = PBXGroup;
			children = (
				3FB7FD2323A0336800707D08 /* ic_launcher.png */,
			);
			path = "mipmap-hdpi";
			sourceTree = "<group>";
		};
		3FB7FD2423A0336800707D08 /* mipmap-ldpi */ = {
			isa = PBXGroup;
			children = (
				3FB7FD2523A0336800707D08 /* ic_launcher.png */,
			);
			path = "mipmap-ldpi";
			sourceTree = "<group>";
		};
		3FB7FD2623A0336800707D08 /* mipmap-xxxhdpi */ = {
			isa = PBXGroup;
			children = (
				3FB7FD2723A0336800707D08 /* ic_launcher.png */,
			);
			path = "mipmap-xxxhdpi";
			sourceTree = "<group>";
		};
		3FB7FD2823A0336800707D08 /* mipmap-xxhdpi */ = {
			isa = PBXGroup;
			children = (
				3FB7FD2923A0336800707D08 /* ic_launcher.png */,
			);
			path = "mipmap-xxhdpi";
			sourceTree = "<group>";
		};
		3FB7FD2A23A0336800707D08 /* mipmap-xhdpi */ = {
			isa = PBXGroup;
			children = (
				3FB7FD2B23A0336800707D08 /* ic_launcher.png */,
			);
			path = "mipmap-xhdpi";
			sourceTree = "<group>";
		};
		3FB7FD2C23A0336800707D08 /* imessenger */ = {
			isa = PBXGroup;
			children = (
				3FB7FD2D23A0336800707D08 /* icon-messages-app-iPhone-60x45@1x.png */,
				3FB7FD2E23A0336800707D08 /* icon-messages-app-iPadAir-67x50@2x.png */,
				3FB7FD2F23A0336800707D08 /* icon-messages-app-store-1024x768.png */,
				3FB7FD3023A0336800707D08 /* icon-messages-transcript-32x24@3x.png */,
				3FB7FD3123A0336800707D08 /* icon-messages-app-27x20@1x.png */,
				3FB7FD3223A0336800707D08 /* icon-messages-transcript-32x24@2x.png */,
				3FB7FD3323A0336800707D08 /* icon-messages-app-27x20@2x.png */,
				3FB7FD3423A0336800707D08 /* icon-messages-transcript-32x24@1x.png */,
				3FB7FD3523A0336800707D08 /* icon-messages-app-27x20@3x.png */,
				3FB7FD3623A0336800707D08 /* icon-messages-app-iPadAir-74x55@2x.png */,
				3FB7FD3723A0336800707D08 /* icon-messages-app-iPhone-60x45@3x.png */,
				3FB7FD3823A0336800707D08 /* icon-messages-app-iPhone-60x45@2x.png */,
			);
			path = imessenger;
			sourceTree = "<group>";
		};
		3FB7FD3923A0336800707D08 /* watchkit */ = {
			isa = PBXGroup;
			children = (
				3FB7FD3A23A0336800707D08 /* AppIcon.appiconset */,
			);
			path = watchkit;
			sourceTree = "<group>";
		};
		3FB7FD3A23A0336800707D08 /* AppIcon.appiconset */ = {
			isa = PBXGroup;
			children = (
				3FB7FD3B23A0336800707D08 /* Icon-40@2x.png */,
				3FB7FD3C23A0336800707D08 /* Icon-29@2x.png */,
				3FB7FD3D23A0336800707D08 /* Icon-44@2x.png */,
				3FB7FD3E23A0336800707D08 /* Icon-29@3x.png */,
				3FB7FD3F23A0336800707D08 /* Icon-27.5@2x.png */,
				3FB7FD4023A0336800707D08 /* Icon-86@2x.png */,
				3FB7FD4123A0336800707D08 /* Contents.json */,
				3FB7FD4223A0336800707D08 /* Icon-98@2x.png */,
				3FB7FD4323A0336800707D08 /* Icon-24@2x.png */,
			);
			path = AppIcon.appiconset;
			sourceTree = "<group>";
		};
		3FB7FD7423A0374A00707D08 /* brain */ = {
			isa = PBXGroup;
			children = (
				3FB7FD7523A0374A00707D08 /* ios */,
				3FB7FD8B23A0374A00707D08 /* android */,
				3FB7FD9923A0374A00707D08 /* imessenger */,
				3FB7FDA623A0374A00707D08 /* watchkit */,
			);
			path = brain;
			sourceTree = "<group>";
		};
		3FB7FD7523A0374A00707D08 /* ios */ = {
			isa = PBXGroup;
			children = (
				3FB7FD7623A0374A00707D08 /* iTunesArtwork@1x.png */,
				3FB7FD7723A0374A00707D08 /* AppIcon.appiconset */,
				3FB7FD8823A0374A00707D08 /* README.md */,
				3FB7FD8923A0374A00707D08 /* iTunesArtwork@2x.png */,
				3FB7FD8A23A0374A00707D08 /* iTunesArtwork@3x.png */,
			);
			path = ios;
			sourceTree = "<group>";
		};
		3FB7FD7723A0374A00707D08 /* AppIcon.appiconset */ = {
			isa = PBXGroup;
			children = (
				3FB7FD7823A0374A00707D08 /* Icon-App-76x76@2x.png */,
				3FB7FD7923A0374A00707D08 /* Icon-App-29x29@1x.png */,
				3FB7FD7A23A0374A00707D08 /* Icon-App-40x40@1x.png */,
				3FB7FD7B23A0374A00707D08 /* Icon-App-20x20@1x.png */,
				3FB7FD7C23A0374A00707D08 /* Icon-App-83.5x83.5@2x.png */,
				3FB7FD7D23A0374A00707D08 /* Icon-App-20x20@3x.png */,
				3FB7FD7E23A0374A00707D08 /* ItunesArtwork@2x.png */,
				3FB7FD7F23A0374A00707D08 /* Contents.json */,
				3FB7FD8023A0374A00707D08 /* Icon-App-20x20@2x.png */,
				3FB7FD8123A0374A00707D08 /* Icon-App-29x29@3x.png */,
				3FB7FD8223A0374A00707D08 /* Icon-App-40x40@2x.png */,
				3FB7FD8323A0374A00707D08 /* Icon-App-60x60@3x.png */,
				3FB7FD8423A0374A00707D08 /* Icon-App-60x60@2x.png */,
				3FB7FD8523A0374A00707D08 /* Icon-App-76x76@1x.png */,
				3FB7FD8623A0374A00707D08 /* Icon-App-40x40@3x.png */,
				3FB7FD8723A0374A00707D08 /* Icon-App-29x29@2x.png */,
			);
			path = AppIcon.appiconset;
			sourceTree = "<group>";
		};
		3FB7FD8B23A0374A00707D08 /* android */ = {
			isa = PBXGroup;
			children = (
				3FB7FD8C23A0374A00707D08 /* mipmap-mdpi */,
				3FB7FD8E23A0374A00707D08 /* playstore-icon.png */,
				3FB7FD8F23A0374A00707D08 /* mipmap-hdpi */,
				3FB7FD9123A0374A00707D08 /* mipmap-ldpi */,
				3FB7FD9323A0374A00707D08 /* mipmap-xxxhdpi */,
				3FB7FD9523A0374A00707D08 /* mipmap-xxhdpi */,
				3FB7FD9723A0374A00707D08 /* mipmap-xhdpi */,
			);
			path = android;
			sourceTree = "<group>";
		};
		3FB7FD8C23A0374A00707D08 /* mipmap-mdpi */ = {
			isa = PBXGroup;
			children = (
				3FB7FD8D23A0374A00707D08 /* ic_launcher.png */,
			);
			path = "mipmap-mdpi";
			sourceTree = "<group>";
		};
		3FB7FD8F23A0374A00707D08 /* mipmap-hdpi */ = {
			isa = PBXGroup;
			children = (
				3FB7FD9023A0374A00707D08 /* ic_launcher.png */,
			);
			path = "mipmap-hdpi";
			sourceTree = "<group>";
		};
		3FB7FD9123A0374A00707D08 /* mipmap-ldpi */ = {
			isa = PBXGroup;
			children = (
				3FB7FD9223A0374A00707D08 /* ic_launcher.png */,
			);
			path = "mipmap-ldpi";
			sourceTree = "<group>";
		};
		3FB7FD9323A0374A00707D08 /* mipmap-xxxhdpi */ = {
			isa = PBXGroup;
			children = (
				3FB7FD9423A0374A00707D08 /* ic_launcher.png */,
			);
			path = "mipmap-xxxhdpi";
			sourceTree = "<group>";
		};
		3FB7FD9523A0374A00707D08 /* mipmap-xxhdpi */ = {
			isa = PBXGroup;
			children = (
				3FB7FD9623A0374A00707D08 /* ic_launcher.png */,
			);
			path = "mipmap-xxhdpi";
			sourceTree = "<group>";
		};
		3FB7FD9723A0374A00707D08 /* mipmap-xhdpi */ = {
			isa = PBXGroup;
			children = (
				3FB7FD9823A0374A00707D08 /* ic_launcher.png */,
			);
			path = "mipmap-xhdpi";
			sourceTree = "<group>";
		};
		3FB7FD9923A0374A00707D08 /* imessenger */ = {
			isa = PBXGroup;
			children = (
				3FB7FD9A23A0374A00707D08 /* icon-messages-app-iPhone-60x45@1x.png */,
				3FB7FD9B23A0374A00707D08 /* icon-messages-app-iPadAir-67x50@2x.png */,
				3FB7FD9C23A0374A00707D08 /* icon-messages-app-store-1024x768.png */,
				3FB7FD9D23A0374A00707D08 /* icon-messages-transcript-32x24@3x.png */,
				3FB7FD9E23A0374A00707D08 /* icon-messages-app-27x20@1x.png */,
				3FB7FD9F23A0374A00707D08 /* icon-messages-transcript-32x24@2x.png */,
				3FB7FDA023A0374A00707D08 /* icon-messages-app-27x20@2x.png */,
				3FB7FDA123A0374A00707D08 /* icon-messages-transcript-32x24@1x.png */,
				3FB7FDA223A0374A00707D08 /* icon-messages-app-27x20@3x.png */,
				3FB7FDA323A0374A00707D08 /* icon-messages-app-iPadAir-74x55@2x.png */,
				3FB7FDA423A0374A00707D08 /* icon-messages-app-iPhone-60x45@3x.png */,
				3FB7FDA523A0374A00707D08 /* icon-messages-app-iPhone-60x45@2x.png */,
			);
			path = imessenger;
			sourceTree = "<group>";
		};
		3FB7FDA623A0374A00707D08 /* watchkit */ = {
			isa = PBXGroup;
			children = (
				3FB7FDA723A0374A00707D08 /* AppIcon.appiconset */,
			);
			path = watchkit;
			sourceTree = "<group>";
		};
		3FB7FDA723A0374A00707D08 /* AppIcon.appiconset */ = {
			isa = PBXGroup;
			children = (
				3FB7FDA823A0374A00707D08 /* Icon-40@2x.png */,
				3FB7FDA923A0374A00707D08 /* Icon-29@2x.png */,
				3FB7FDAA23A0374A00707D08 /* Icon-44@2x.png */,
				3FB7FDAB23A0374A00707D08 /* Icon-29@3x.png */,
				3FB7FDAC23A0374A00707D08 /* Icon-27.5@2x.png */,
				3FB7FDAD23A0374A00707D08 /* Icon-86@2x.png */,
				3FB7FDAE23A0374A00707D08 /* Contents.json */,
				3FB7FDAF23A0374A00707D08 /* Icon-98@2x.png */,
				3FB7FDB023A0374A00707D08 /* Icon-24@2x.png */,
			);
			path = AppIcon.appiconset;
			sourceTree = "<group>";
		};
/* End PBXGroup section */

/* Begin PBXNativeTarget section */
		3F92040A23978CCB000019FF /* Brain-Game-Final-HC */ = {
			isa = PBXNativeTarget;
			buildConfigurationList = 3F92041F23978CCE000019FF /* Build configuration list for PBXNativeTarget "Brain-Game-Final-HC" */;
			buildPhases = (
				3F92040723978CCB000019FF /* Sources */,
				3F92040823978CCB000019FF /* Frameworks */,
				3F92040923978CCB000019FF /* Resources */,
			);
			buildRules = (
			);
			dependencies = (
			);
			name = "Brain-Game-Final-HC";
			productName = "Brain-Game-Final-HC";
			productReference = 3F92040B23978CCB000019FF /* Brain Game.app */;
			productType = "com.apple.product-type.application";
		};
/* End PBXNativeTarget section */

/* Begin PBXProject section */
		3F92040323978CCB000019FF /* Project object */ = {
			isa = PBXProject;
			attributes = {
				LastSwiftUpdateCheck = 1120;
				LastUpgradeCheck = 1120;
				ORGANIZATIONNAME = "Henry Calderon";
				TargetAttributes = {
					3F92040A23978CCB000019FF = {
						CreatedOnToolsVersion = 11.2.1;
					};
				};
			};
			buildConfigurationList = 3F92040623978CCB000019FF /* Build configuration list for PBXProject "Brain-Game-Final-HC" */;
			compatibilityVersion = "Xcode 9.3";
			developmentRegion = en;
			hasScannedForEncodings = 0;
			knownRegions = (
				en,
				Base,
			);
			mainGroup = 3F92040223978CCB000019FF;
			productRefGroup = 3F92040C23978CCB000019FF /* Products */;
			projectDirPath = "";
			projectRoot = "";
			targets = (
				3F92040A23978CCB000019FF /* Brain-Game-Final-HC */,
			);
		};
/* End PBXProject section */

/* Begin PBXResourcesBuildPhase section */
		3F92040923978CCB000019FF /* Resources */ = {
			isa = PBXResourcesBuildPhase;
			buildActionMask = 2147483647;
			files = (
				3FB7FD5123A0336800707D08 /* Icon-App-60x60@2x.png in Resources */,
				3FB7FD5F23A0336800707D08 /* icon-messages-app-iPhone-60x45@1x.png in Resources */,
				3FB7FD4623A0336800707D08 /* Icon-App-29x29@1x.png in Resources */,
				3FB7FDE023A0374A00707D08 /* Icon-24@2x.png in Resources */,
				3FB7FD6823A0336800707D08 /* icon-messages-app-iPadAir-74x55@2x.png in Resources */,
				3FB7FDC423A0374A00707D08 /* iTunesArtwork@3x.png in Resources */,
				3FB7FD6A23A0336800707D08 /* icon-messages-app-iPhone-60x45@2x.png in Resources */,
				3FB7FDD323A0374A00707D08 /* icon-messages-transcript-32x24@1x.png in Resources */,
				3FB7FDB523A0374A00707D08 /* Icon-App-20x20@1x.png in Resources */,
				3FB7FDBE23A0374A00707D08 /* Icon-App-60x60@2x.png in Resources */,
				3FB7FDBD23A0374A00707D08 /* Icon-App-60x60@3x.png in Resources */,
				3FB7FDC323A0374A00707D08 /* iTunesArtwork@2x.png in Resources */,
				3FB7FD7123A0336800707D08 /* Contents.json in Resources */,
				3FB7FD6523A0336800707D08 /* icon-messages-app-27x20@2x.png in Resources */,
				3FB7FDB123A0374A00707D08 /* iTunesArtwork@1x.png in Resources */,
				3FB7FD7323A0336800707D08 /* Icon-24@2x.png in Resources */,
				3FB7FDDC23A0374A00707D08 /* Icon-27.5@2x.png in Resources */,
				3FB7FD7223A0336800707D08 /* Icon-98@2x.png in Resources */,
				3FB7FDD123A0374A00707D08 /* icon-messages-transcript-32x24@2x.png in Resources */,
				3F92041B23978CCE000019FF /* LaunchScreen.storyboard in Resources */,
				3FB7FD5E23A0336800707D08 /* ic_launcher.png in Resources */,
				3FB7FDBF23A0374A00707D08 /* Icon-App-76x76@1x.png in Resources */,
				3FB7FD4423A0336800707D08 /* iTunesArtwork@1x.png in Resources */,
				3FB7FD6E23A0336800707D08 /* Icon-29@3x.png in Resources */,
				3FB7FD5723A0336800707D08 /* iTunesArtwork@3x.png in Resources */,
				3FB7FDDD23A0374A00707D08 /* Icon-86@2x.png in Resources */,
				3FB7FD6723A0336800707D08 /* icon-messages-app-27x20@3x.png in Resources */,
				3FB7FD4523A0336800707D08 /* Icon-App-76x76@2x.png in Resources */,
				3FB7FDDE23A0374A00707D08 /* Contents.json in Resources */,
				3FB7FD6923A0336800707D08 /* icon-messages-app-iPhone-60x45@3x.png in Resources */,
				3FB7FD5923A0336800707D08 /* playstore-icon.png in Resources */,
				3FB7FDC123A0374A00707D08 /* Icon-App-29x29@2x.png in Resources */,
				3FB7FD6F23A0336800707D08 /* Icon-27.5@2x.png in Resources */,
				3FB7FDD623A0374A00707D08 /* icon-messages-app-iPhone-60x45@3x.png in Resources */,
				3FB7FD4923A0336800707D08 /* Icon-App-83.5x83.5@2x.png in Resources */,
				3FB7FD4E23A0336800707D08 /* Icon-App-29x29@3x.png in Resources */,
				3FB7FD4F23A0336800707D08 /* Icon-App-40x40@2x.png in Resources */,
				3FB7FD6423A0336800707D08 /* icon-messages-transcript-32x24@2x.png in Resources */,
				3FB7FD5423A0336800707D08 /* Icon-App-29x29@2x.png in Resources */,
				3FB7FDCD23A0374A00707D08 /* icon-messages-app-iPadAir-67x50@2x.png in Resources */,
				3FB7FDD023A0374A00707D08 /* icon-messages-app-27x20@1x.png in Resources */,
				3FB7FD4823A0336800707D08 /* Icon-App-20x20@1x.png in Resources */,
				3FB7FD5023A0336800707D08 /* Icon-App-60x60@3x.png in Resources */,
				3FB7FD4C23A0336800707D08 /* Contents.json in Resources */,
				3FB7FD5823A0336800707D08 /* ic_launcher.png in Resources */,
				3FB7FD5223A0336800707D08 /* Icon-App-76x76@1x.png in Resources */,
				3FB7FD6623A0336800707D08 /* icon-messages-transcript-32x24@1x.png in Resources */,
				3FB7FD5C23A0336800707D08 /* ic_launcher.png in Resources */,
				3FB7FDC923A0374A00707D08 /* ic_launcher.png in Resources */,
				3FB7FDB923A0374A00707D08 /* Contents.json in Resources */,
				3FB7FD4D23A0336800707D08 /* Icon-App-20x20@2x.png in Resources */,
				3FB7FD6C23A0336800707D08 /* Icon-29@2x.png in Resources */,
				3FB7FDDF23A0374A00707D08 /* Icon-98@2x.png in Resources */,
				3FB7FDD823A0374A00707D08 /* Icon-40@2x.png in Resources */,
				3FB7FDC823A0374A00707D08 /* ic_launcher.png in Resources */,
				3FB7FD5D23A0336800707D08 /* ic_launcher.png in Resources */,
				3FB7FDD923A0374A00707D08 /* Icon-29@2x.png in Resources */,
				3FB7FD4A23A0336800707D08 /* Icon-App-20x20@3x.png in Resources */,
				3FB7FDB623A0374A00707D08 /* Icon-App-83.5x83.5@2x.png in Resources */,
				3FB7FDB423A0374A00707D08 /* Icon-App-40x40@1x.png in Resources */,
				3FB7FDD723A0374A00707D08 /* icon-messages-app-iPhone-60x45@2x.png in Resources */,
				3FB7FDCC23A0374A00707D08 /* icon-messages-app-iPhone-60x45@1x.png in Resources */,
				3FB7FD5B23A0336800707D08 /* ic_launcher.png in Resources */,
				3FB7FDB223A0374A00707D08 /* Icon-App-76x76@2x.png in Resources */,
				3FB7FD6023A0336800707D08 /* icon-messages-app-iPadAir-67x50@2x.png in Resources */,
				3FB7FDC023A0374A00707D08 /* Icon-App-40x40@3x.png in Resources */,
				3FB7FDBB23A0374A00707D08 /* Icon-App-29x29@3x.png in Resources */,
				3FB7FD5A23A0336800707D08 /* ic_launcher.png in Resources */,
				3FB7FD5323A0336800707D08 /* Icon-App-40x40@3x.png in Resources */,
				3FB7FDC223A0374A00707D08 /* README.md in Resources */,
				3FB7FDB723A0374A00707D08 /* Icon-App-20x20@3x.png in Resources */,
				3FB7FD6D23A0336800707D08 /* Icon-44@2x.png in Resources */,
				3FB7FD4723A0336800707D08 /* Icon-App-40x40@1x.png in Resources */,
				3FB7FDC623A0374A00707D08 /* playstore-icon.png in Resources */,
				3F92041823978CCE000019FF /* Assets.xcassets in Resources */,
				3F92041623978CCB000019FF /* Main.storyboard in Resources */,
				3FB7FD6B23A0336800707D08 /* Icon-40@2x.png in Resources */,
				3FB7FDDB23A0374A00707D08 /* Icon-29@3x.png in Resources */,
				3FB7FD6223A0336800707D08 /* icon-messages-transcript-32x24@3x.png in Resources */,
				3FB7FDC523A0374A00707D08 /* ic_launcher.png in Resources */,
				3FB7FDCF23A0374A00707D08 /* icon-messages-transcript-32x24@3x.png in Resources */,
				3FB7FDC723A0374A00707D08 /* ic_launcher.png in Resources */,
				3FB7FDDA23A0374A00707D08 /* Icon-44@2x.png in Resources */,
				3FB7FDCA23A0374A00707D08 /* ic_launcher.png in Resources */,
				3FB7FDBC23A0374A00707D08 /* Icon-App-40x40@2x.png in Resources */,
				3FB7FD6123A0336800707D08 /* icon-messages-app-store-1024x768.png in Resources */,
				3FB7FD5523A0336800707D08 /* README.md in Resources */,
				3FB7FDCB23A0374A00707D08 /* ic_launcher.png in Resources */,
				3FB7FDB323A0374A00707D08 /* Icon-App-29x29@1x.png in Resources */,
				3FB7FDBA23A0374A00707D08 /* Icon-App-20x20@2x.png in Resources */,
				3FB7FDD423A0374A00707D08 /* icon-messages-app-27x20@3x.png in Resources */,
				3FB7FDCE23A0374A00707D08 /* icon-messages-app-store-1024x768.png in Resources */,
				3FB7FDD523A0374A00707D08 /* icon-messages-app-iPadAir-74x55@2x.png in Resources */,
				3FB7FD4B23A0336800707D08 /* ItunesArtwork@2x.png in Resources */,
				3FB7FD6323A0336800707D08 /* icon-messages-app-27x20@1x.png in Resources */,
				3FB7FD5623A0336800707D08 /* iTunesArtwork@2x.png in Resources */,
				3FB7FD7023A0336800707D08 /* Icon-86@2x.png in Resources */,
				3FB7FDB823A0374A00707D08 /* ItunesArtwork@2x.png in Resources */,
				3FB7FDD223A0374A00707D08 /* icon-messages-app-27x20@2x.png in Resources */,
			);
			runOnlyForDeploymentPostprocessing = 0;
		};
/* End PBXResourcesBuildPhase section */

/* Begin PBXSourcesBuildPhase section */
		3F92040723978CCB000019FF /* Sources */ = {
			isa = PBXSourcesBuildPhase;
			buildActionMask = 2147483647;
			files = (
				3F92041323978CCB000019FF /* ViewController.swift in Sources */,
				3F92040F23978CCB000019FF /* AppDelegate.swift in Sources */,
				3F92041123978CCB000019FF /* SceneDelegate.swift in Sources */,
			);
			runOnlyForDeploymentPostprocessing = 0;
		};
/* End PBXSourcesBuildPhase section */

/* Begin PBXVariantGroup section */
		3F92041423978CCB000019FF /* Main.storyboard */ = {
			isa = PBXVariantGroup;
			children = (
				3F92041523978CCB000019FF /* Base */,
			);
			name = Main.storyboard;
			sourceTree = "<group>";
		};
		3F92041923978CCE000019FF /* LaunchScreen.storyboard */ = {
			isa = PBXVariantGroup;
			children = (
				3F92041A23978CCE000019FF /* Base */,
			);
			name = LaunchScreen.storyboard;
			sourceTree = "<group>";
		};
/* End PBXVariantGroup section */

/* Begin XCBuildConfiguration section */
		3F92041D23978CCE000019FF /* Debug */ = {
			isa = XCBuildConfiguration;
			buildSettings = {
				ALWAYS_SEARCH_USER_PATHS = NO;
				CLANG_ANALYZER_NONNULL = YES;
				CLANG_ANALYZER_NUMBER_OBJECT_CONVERSION = YES_AGGRESSIVE;
				CLANG_CXX_LANGUAGE_STANDARD = "gnu++14";
				CLANG_CXX_LIBRARY = "libc++";
				CLANG_ENABLE_MODULES = YES;
				CLANG_ENABLE_OBJC_ARC = YES;
				CLANG_ENABLE_OBJC_WEAK = YES;
				CLANG_WARN_BLOCK_CAPTURE_AUTORELEASING = YES;
				CLANG_WARN_BOOL_CONVERSION = YES;
				CLANG_WARN_COMMA = YES;
				CLANG_WARN_CONSTANT_CONVERSION = YES;
				CLANG_WARN_DEPRECATED_OBJC_IMPLEMENTATIONS = YES;
				CLANG_WARN_DIRECT_OBJC_ISA_USAGE = YES_ERROR;
				CLANG_WARN_DOCUMENTATION_COMMENTS = YES;
				CLANG_WARN_EMPTY_BODY = YES;
				CLANG_WARN_ENUM_CONVERSION = YES;
				CLANG_WARN_INFINITE_RECURSION = YES;
				CLANG_WARN_INT_CONVERSION = YES;
				CLANG_WARN_NON_LITERAL_NULL_CONVERSION = YES;
				CLANG_WARN_OBJC_IMPLICIT_RETAIN_SELF = YES;
				CLANG_WARN_OBJC_LITERAL_CONVERSION = YES;
				CLANG_WARN_OBJC_ROOT_CLASS = YES_ERROR;
				CLANG_WARN_RANGE_LOOP_ANALYSIS = YES;
				CLANG_WARN_STRICT_PROTOTYPES = YES;
				CLANG_WARN_SUSPICIOUS_MOVE = YES;
				CLANG_WARN_UNGUARDED_AVAILABILITY = YES_AGGRESSIVE;
				CLANG_WARN_UNREACHABLE_CODE = YES;
				CLANG_WARN__DUPLICATE_METHOD_MATCH = YES;
				COPY_PHASE_STRIP = NO;
				DEBUG_INFORMATION_FORMAT = dwarf;
				ENABLE_STRICT_OBJC_MSGSEND = YES;
				ENABLE_TESTABILITY = YES;
				GCC_C_LANGUAGE_STANDARD = gnu11;
				GCC_DYNAMIC_NO_PIC = NO;
				GCC_NO_COMMON_BLOCKS = YES;
				GCC_OPTIMIZATION_LEVEL = 0;
				GCC_PREPROCESSOR_DEFINITIONS = (
					"DEBUG=1",
					"$(inherited)",
				);
				GCC_WARN_64_TO_32_BIT_CONVERSION = YES;
				GCC_WARN_ABOUT_RETURN_TYPE = YES_ERROR;
				GCC_WARN_UNDECLARED_SELECTOR = YES;
				GCC_WARN_UNINITIALIZED_AUTOS = YES_AGGRESSIVE;
				GCC_WARN_UNUSED_FUNCTION = YES;
				GCC_WARN_UNUSED_VARIABLE = YES;
				IPHONEOS_DEPLOYMENT_TARGET = 13.2;
				MTL_ENABLE_DEBUG_INFO = INCLUDE_SOURCE;
				MTL_FAST_MATH = YES;
				ONLY_ACTIVE_ARCH = YES;
				SDKROOT = iphoneos;
				SWIFT_ACTIVE_COMPILATION_CONDITIONS = DEBUG;
				SWIFT_OPTIMIZATION_LEVEL = "-Onone";
			};
			name = Debug;
		};
		3F92041E23978CCE000019FF /* Release */ = {
			isa = XCBuildConfiguration;
			buildSettings = {
				ALWAYS_SEARCH_USER_PATHS = NO;
				CLANG_ANALYZER_NONNULL = YES;
				CLANG_ANALYZER_NUMBER_OBJECT_CONVERSION = YES_AGGRESSIVE;
				CLANG_CXX_LANGUAGE_STANDARD = "gnu++14";
				CLANG_CXX_LIBRARY = "libc++";
				CLANG_ENABLE_MODULES = YES;
				CLANG_ENABLE_OBJC_ARC = YES;
				CLANG_ENABLE_OBJC_WEAK = YES;
				CLANG_WARN_BLOCK_CAPTURE_AUTORELEASING = YES;
				CLANG_WARN_BOOL_CONVERSION = YES;
				CLANG_WARN_COMMA = YES;
				CLANG_WARN_CONSTANT_CONVERSION = YES;
				CLANG_WARN_DEPRECATED_OBJC_IMPLEMENTATIONS = YES;
				CLANG_WARN_DIRECT_OBJC_ISA_USAGE = YES_ERROR;
				CLANG_WARN_DOCUMENTATION_COMMENTS = YES;
				CLANG_WARN_EMPTY_BODY = YES;
				CLANG_WARN_ENUM_CONVERSION = YES;
				CLANG_WARN_INFINITE_RECURSION = YES;
				CLANG_WARN_INT_CONVERSION = YES;
				CLANG_WARN_NON_LITERAL_NULL_CONVERSION = YES;
				CLANG_WARN_OBJC_IMPLICIT_RETAIN_SELF = YES;
				CLANG_WARN_OBJC_LITERAL_CONVERSION = YES;
				CLANG_WARN_OBJC_ROOT_CLASS = YES_ERROR;
				CLANG_WARN_RANGE_LOOP_ANALYSIS = YES;
				CLANG_WARN_STRICT_PROTOTYPES = YES;
				CLANG_WARN_SUSPICIOUS_MOVE = YES;
				CLANG_WARN_UNGUARDED_AVAILABILITY = YES_AGGRESSIVE;
				CLANG_WARN_UNREACHABLE_CODE = YES;
				CLANG_WARN__DUPLICATE_METHOD_MATCH = YES;
				COPY_PHASE_STRIP = NO;
				DEBUG_INFORMATION_FORMAT = "dwarf-with-dsym";
				ENABLE_NS_ASSERTIONS = NO;
				ENABLE_STRICT_OBJC_MSGSEND = YES;
				GCC_C_LANGUAGE_STANDARD = gnu11;
				GCC_NO_COMMON_BLOCKS = YES;
				GCC_WARN_64_TO_32_BIT_CONVERSION = YES;
				GCC_WARN_ABOUT_RETURN_TYPE = YES_ERROR;
				GCC_WARN_UNDECLARED_SELECTOR = YES;
				GCC_WARN_UNINITIALIZED_AUTOS = YES_AGGRESSIVE;
				GCC_WARN_UNUSED_FUNCTION = YES;
				GCC_WARN_UNUSED_VARIABLE = YES;
				IPHONEOS_DEPLOYMENT_TARGET = 13.2;
				MTL_ENABLE_DEBUG_INFO = NO;
				MTL_FAST_MATH = YES;
				SDKROOT = iphoneos;
				SWIFT_COMPILATION_MODE = wholemodule;
				SWIFT_OPTIMIZATION_LEVEL = "-O";
				VALIDATE_PRODUCT = YES;
			};
			name = Release;
		};
		3F92042023978CCE000019FF /* Debug */ = {
			isa = XCBuildConfiguration;
			buildSettings = {
				ASSETCATALOG_COMPILER_APPICON_NAME = AppIcon;
				CODE_SIGN_STYLE = Automatic;
				INFOPLIST_FILE = "Brain-Game-Final-HC/Info.plist";
				LD_RUNPATH_SEARCH_PATHS = (
					"$(inherited)",
					"@executable_path/Frameworks",
				);
				PRODUCT_BUNDLE_IDENTIFIER = "com.henrycalderon.Brain-Game-Final-HC";
				PRODUCT_NAME = "Brain Game";
				SWIFT_VERSION = 5.0;
				TARGETED_DEVICE_FAMILY = "1,2";
			};
			name = Debug;
		};
		3F92042123978CCE000019FF /* Release */ = {
			isa = XCBuildConfiguration;
			buildSettings = {
				ASSETCATALOG_COMPILER_APPICON_NAME = AppIcon;
				CODE_SIGN_STYLE = Automatic;
				INFOPLIST_FILE = "Brain-Game-Final-HC/Info.plist";
				LD_RUNPATH_SEARCH_PATHS = (
					"$(inherited)",
					"@executable_path/Frameworks",
				);
				PRODUCT_BUNDLE_IDENTIFIER = "com.henrycalderon.Brain-Game-Final-HC";
				PRODUCT_NAME = "Brain Game";
				SWIFT_VERSION = 5.0;
				TARGETED_DEVICE_FAMILY = "1,2";
			};
			name = Release;
		};
/* End XCBuildConfiguration section */

/* Begin XCConfigurationList section */
		3F92040623978CCB000019FF /* Build configuration list for PBXProject "Brain-Game-Final-HC" */ = {
			isa = XCConfigurationList;
			buildConfigurations = (
				3F92041D23978CCE000019FF /* Debug */,
				3F92041E23978CCE000019FF /* Release */,
			);
			defaultConfigurationIsVisible = 0;
			defaultConfigurationName = Release;
		};
		3F92041F23978CCE000019FF /* Build configuration list for PBXNativeTarget "Brain-Game-Final-HC" */ = {
			isa = XCConfigurationList;
			buildConfigurations = (
				3F92042023978CCE000019FF /* Debug */,
				3F92042123978CCE000019FF /* Release */,
			);
			defaultConfigurationIsVisible = 0;
			defaultConfigurationName = Release;
		};
/* End XCConfigurationList section */
	};
	rootObject = 3F92040323978CCB000019FF /* Project object */;
}
